
Microsoft Visual Studio Solution File, Format Version 12.00
# Visual Studio Version 17
VisualStudioVersion = 17.14.36109.1 d17.14
MinimumVisualStudioVersion = 10.0.40219.1
Project("{FAE04EC0-301F-11D3-BF4B-00C04F79EFBC}") = "KabukiProject", "KabukiProject\KabukiProject.csproj", "{7C5E1931-1DF6-4E57-8AAF-150B35EE2607}"
EndProject
Global
	GlobalSection(SolutionConfigurationPlatforms) = preSolution
		Debug|Any CPU = Debug|Any CPU
		Release|Any CPU = Release|Any CPU
	EndGlobalSection
	GlobalSection(ProjectConfigurationPlatforms) = postSolution
		{7C5E1931-1DF6-4E57-8AAF-150B35EE2607}.Debug|Any CPU.ActiveCfg = Debug|Any CPU
		{7C5E1931-1DF6-4E57-8AAF-150B35EE2607}.Debug|Any CPU.Build.0 = Debug|Any CPU
		{7C5E1931-1DF6-4E57-8AAF-150B35EE2607}.Release|Any CPU.ActiveCfg = Release|Any CPU
		{7C5E1931-1DF6-4E57-8AAF-150B35EE2607}.Release|Any CPU.Build.0 = Release|Any CPU
	EndGlobalSection
	GlobalSection(SolutionProperties) = preSolution
		HideSolutionNode = FALSE
	EndGlobalSection
	GlobalSection(ExtensibilityGlobals) = postSolution
		SolutionGuid = {585B95D9-61FA-45A7-A90F-4BD41E50BD2C}
	EndGlobalSection
EndGlobal
